
Microsoft Visual Studio Solution File, Format Version 12.00
# Visual Studio Version 17
VisualStudioVersion = 17.5.33530.505
MinimumVisualStudioVersion = 10.0.40219.1
Project("{FAE04EC0-301F-11D3-BF4B-00C04F79EFBC}") = "LiquorStore.NET.7.MVC", "LiquorStore.NET.7.MVC\LiquorStore.NET.7.MVC.csproj", "{541CB73D-782F-48C3-8394-3846722326D6}"
EndProject
Global
	GlobalSection(SolutionConfigurationPlatforms) = preSolution
		Debug|Any CPU = Debug|Any CPU
		Release|Any CPU = Release|Any CPU
	EndGlobalSection
	GlobalSection(ProjectConfigurationPlatforms) = postSolution
		{541CB73D-782F-48C3-8394-3846722326D6}.Debug|Any CPU.ActiveCfg = Debug|Any CPU
		{541CB73D-782F-48C3-8394-3846722326D6}.Debug|Any CPU.Build.0 = Debug|Any CPU
		{541CB73D-782F-48C3-8394-3846722326D6}.Release|Any CPU.ActiveCfg = Release|Any CPU
		{541CB73D-782F-48C3-8394-3846722326D6}.Release|Any CPU.Build.0 = Release|Any CPU
	EndGlobalSection
	GlobalSection(SolutionProperties) = preSolution
		HideSolutionNode = FALSE
	EndGlobalSection
	GlobalSection(ExtensibilityGlobals) = postSolution
		SolutionGuid = {011A876E-1E8F-4911-BD7F-041DAADEFC48}
	EndGlobalSection
EndGlobal
